
Microsoft Visual Studio Solution File, Format Version 12.00
# Visual Studio 15
VisualStudioVersion = 15.0.28307.645
MinimumVisualStudioVersion = 10.0.40219.1
Project("{FAE04EC0-301F-11D3-BF4B-00C04F79EFBC}") = "Roslyn Library", "Roslyn Library\Roslyn Library.csproj", "{A2EC65F4-D3B2-4B80-9C9E-6693EA600BE7}"
EndProject
Global
	GlobalSection(SolutionConfigurationPlatforms) = preSolution
		Debug|Any CPU = Debug|Any CPU
		Release|Any CPU = Release|Any CPU
	EndGlobalSection
	GlobalSection(ProjectConfigurationPlatforms) = postSolution
		{A2EC65F4-D3B2-4B80-9C9E-6693EA600BE7}.Debug|Any CPU.ActiveCfg = Debug|Any CPU
		{A2EC65F4-D3B2-4B80-9C9E-6693EA600BE7}.Debug|Any CPU.Build.0 = Debug|Any CPU
		{A2EC65F4-D3B2-4B80-9C9E-6693EA600BE7}.Release|Any CPU.ActiveCfg = Release|Any CPU
		{A2EC65F4-D3B2-4B80-9C9E-6693EA600BE7}.Release|Any CPU.Build.0 = Release|Any CPU
	EndGlobalSection
	GlobalSection(SolutionProperties) = preSolution
		HideSolutionNode = FALSE
	EndGlobalSection
	GlobalSection(ExtensibilityGlobals) = postSolution
		SolutionGuid = {B78385E3-6A7A-4DBA-AEE7-9B2D1B11E640}
	EndGlobalSection
EndGlobal
